Microsoft Visual Studio Solution File, Format Version 11.00
# Visual Studio 2008

Project("{B34851D4-1298-9AFB-1E47-0571DD32441F}") = "Budget Maker", "Assembly-CSharp.csproj", "{A8C93514-D487-EE4C-9EAA-53A6C8A50359}"
EndProject
Global
	GlobalSection(SolutionConfigurationPlatforms) = preSolution
		Debug|Any CPU = Debug|Any CPU
		Release|Any CPU = Release|Any CPU
	EndGlobalSection
	GlobalSection(ProjectConfigurationPlatforms) = postSolution
		{A8C93514-D487-EE4C-9EAA-53A6C8A50359}.Debug|Any CPU.ActiveCfg = Debug|Any CPU
		{A8C93514-D487-EE4C-9EAA-53A6C8A50359}.Debug|Any CPU.Build.0 = Debug|Any CPU
		{A8C93514-D487-EE4C-9EAA-53A6C8A50359}.Release|Any CPU.ActiveCfg = Release|Any CPU
		{A8C93514-D487-EE4C-9EAA-53A6C8A50359}.Release|Any CPU.Build.0 = Release|Any CPU
	EndGlobalSection
	GlobalSection(SolutionProperties) = preSolution
		HideSolutionNode = FALSE
	EndGlobalSection
	GlobalSection(MonoDevelopProperties) = preSolution
		StartupItem = Assembly-CSharp.csproj
	EndGlobalSection
EndGlobal
